// !$*UTF8*$!
{
	archiveVersion = 1;
	classes = {
	};
	objectVersion = 50;
	objects = {

/* Begin PBXBuildFile section */
		724690352797269E006B74A1 /* AppDelegate.swift in Sources */ = {isa = PBXBuildFile; fileRef = 724690342797269E006B74A1 /* AppDelegate.swift */; };
		724690372797269E006B74A1 /* SceneDelegate.swift in Sources */ = {isa = PBXBuildFile; fileRef = 724690362797269E006B74A1 /* SceneDelegate.swift */; };
		724690392797269E006B74A1 /* MasterViewController.swift in Sources */ = {isa = PBXBuildFile; fileRef = 724690382797269E006B74A1 /* MasterViewController.swift */; };
		7246903C2797269E006B74A1 /* Main.storyboard in Resources */ = {isa = PBXBuildFile; fileRef = 7246903A2797269E006B74A1 /* Main.storyboard */; };
		7246903F2797269E006B74A1 /* TechInterview.xcdatamodeld in Sources */ = {isa = PBXBuildFile; fileRef = 7246903D2797269E006B74A1 /* TechInterview.xcdatamodeld */; };
		724690412797269E006B74A1 /* Assets.xcassets in Resources */ = {isa = PBXBuildFile; fileRef = 724690402797269E006B74A1 /* Assets.xcassets */; };
		724690442797269E006B74A1 /* LaunchScreen.storyboard in Resources */ = {isa = PBXBuildFile; fileRef = 724690422797269E006B74A1 /* LaunchScreen.storyboard */; };
		7246904F2797269F006B74A1 /* TechInterviewTests.swift in Sources */ = {isa = PBXBuildFile; fileRef = 7246904E2797269F006B74A1 /* TechInterviewTests.swift */; };
		7246905A2797269F006B74A1 /* TechInterviewUITests.swift in Sources */ = {isa = PBXBuildFile; fileRef = 724690592797269F006B74A1 /* TechInterviewUITests.swift */; };
		72480E702797739C0050B8A9 /* DetailViewController.swift in Sources */ = {isa = PBXBuildFile; fileRef = 72480E6F2797739C0050B8A9 /* DetailViewController.swift */; };
		72C61EDF27987C2D00AA7BAF /* NotesModelData.swift in Sources */ = {isa = PBXBuildFile; fileRef = 72C61EDE27987C2D00AA7BAF /* NotesModelData.swift */; };
		72C61EE327987C6B00AA7BAF /* NotesDateHelper.swift in Sources */ = {isa = PBXBuildFile; fileRef = 72C61EE227987C6B00AA7BAF /* NotesDateHelper.swift */; };
		72E5E19227974D8E005323D1 /* TechInterviewNoteCreateChangeViewController.swift in Sources */ = {isa = PBXBuildFile; fileRef = 72E5E19127974D8E005323D1 /* TechInterviewNoteCreateChangeViewController.swift */; };
/* End PBXBuildFile section */

/* Begin PBXContainerItemProxy section */
		7246904B2797269F006B74A1 /* PBXContainerItemProxy */ = {
			isa = PBXContainerItemProxy;
			containerPortal = 724690292797269D006B74A1 /* Project object */;
			proxyType = 1;
			remoteGlobalIDString = 724690302797269D006B74A1;
			remoteInfo = TechInterview;
		};
		724690562797269F006B74A1 /* PBXContainerItemProxy */ = {
			isa = PBXContainerItemProxy;
			containerPortal = 724690292797269D006B74A1 /* Project object */;
			proxyType = 1;
			remoteGlobalIDString = 724690302797269D006B74A1;
			remoteInfo = TechInterview;
		};
/* End PBXContainerItemProxy section */

/* Begin PBXFileReference section */
		724690312797269E006B74A1 /* TechInterview.app */ = {isa = PBXFileReference; explicitFileType = wrapper.application; includeInIndex = 0; path = TechInterview.app; sourceTree = BUILT_PRODUCTS_DIR; };
		724690342797269E006B74A1 /* AppDelegate.swift */ = {isa = PBXFileReference; lastKnownFileType = sourcecode.swift; path = AppDelegate.swift; sourceTree = "<group>"; };
		724690362797269E006B74A1 /* SceneDelegate.swift */ = {isa = PBXFileReference; lastKnownFileType = sourcecode.swift; path = SceneDelegate.swift; sourceTree = "<group>"; };
		724690382797269E006B74A1 /* MasterViewController.swift */ = {isa = PBXFileReference; lastKnownFileType = sourcecode.swift; path = MasterViewController.swift; sourceTree = "<group>"; };
		7246903B2797269E006B74A1 /* Base */ = {isa = PBXFileReference; lastKnownFileType = file.storyboard; name = Base; path = Base.lproj/Main.storyboard; sourceTree = "<group>"; };
		7246903E2797269E006B74A1 /* TechInterview.xcdatamodel */ = {isa = PBXFileReference; lastKnownFileType = wrapper.xcdatamodel; path = TechInterview.xcdatamodel; sourceTree = "<group>"; };
		724690402797269E006B74A1 /* Assets.xcassets */ = {isa = PBXFileReference; lastKnownFileType = folder.assetcatalog; path = Assets.xcassets; sourceTree = "<group>"; };
		724690432797269E006B74A1 /* Base */ = {isa = PBXFileReference; lastKnownFileType = file.storyboard; name = Base; path = Base.lproj/LaunchScreen.storyboard; sourceTree = "<group>"; };
		724690452797269E006B74A1 /* Info.plist */ = {isa = PBXFileReference; lastKnownFileType = text.plist.xml; path = Info.plist; sourceTree = "<group>"; };
		7246904A2797269F006B74A1 /* TechInterviewTests.xctest */ = {isa = PBXFileReference; explicitFileType = wrapper.cfbundle; includeInIndex = 0; path = TechInterviewTests.xctest; sourceTree = BUILT_PRODUCTS_DIR; };
		7246904E2797269F006B74A1 /* TechInterviewTests.swift */ = {isa = PBXFileReference; lastKnownFileType = sourcecode.swift; path = TechInterviewTests.swift; sourceTree = "<group>"; };
		724690502797269F006B74A1 /* Info.plist */ = {isa = PBXFileReference; lastKnownFileType = text.plist.xml; path = Info.plist; sourceTree = "<group>"; };
		724690552797269F006B74A1 /* TechInterviewUITests.xctest */ = {isa = PBXFileReference; explicitFileType = wrapper.cfbundle; includeInIndex = 0; path = TechInterviewUITests.xctest; sourceTree = BUILT_PRODUCTS_DIR; };
		724690592797269F006B74A1 /* TechInterviewUITests.swift */ = {isa = PBXFileReference; lastKnownFileType = sourcecode.swift; path = TechInterviewUITests.swift; sourceTree = "<group>"; };
		7246905B2797269F006B74A1 /* Info.plist */ = {isa = PBXFileReference; lastKnownFileType = text.plist.xml; path = Info.plist; sourceTree = "<group>"; };
		72480E6F2797739C0050B8A9 /* DetailViewController.swift */ = {isa = PBXFileReference; lastKnownFileType = sourcecode.swift; path = DetailViewController.swift; sourceTree = "<group>"; };
		72C61EDE27987C2D00AA7BAF /* NotesModelData.swift */ = {isa = PBXFileReference; lastKnownFileType = sourcecode.swift; path = NotesModelData.swift; sourceTree = "<group>"; };
		72C61EE227987C6B00AA7BAF /* NotesDateHelper.swift */ = {isa = PBXFileReference; lastKnownFileType = sourcecode.swift; path = NotesDateHelper.swift; sourceTree = "<group>"; };
		72E5E19127974D8E005323D1 /* TechInterviewNoteCreateChangeViewController.swift */ = {isa = PBXFileReference; lastKnownFileType = sourcecode.swift; path = TechInterviewNoteCreateChangeViewController.swift; sourceTree = "<group>"; };
/* End PBXFileReference section */

/* Begin PBXFrameworksBuildPhase section */
		7246902E2797269D006B74A1 /* Frameworks */ = {
			isa = PBXFrameworksBuildPhase;
			buildActionMask = 2147483647;
			files = (
			);
			runOnlyForDeploymentPostprocessing = 0;
		};
		724690472797269F006B74A1 /* Frameworks */ = {
			isa = PBXFrameworksBuildPhase;
			buildActionMask = 2147483647;
			files = (
			);
			runOnlyForDeploymentPostprocessing = 0;
		};
		724690522797269F006B74A1 /* Frameworks */ = {
			isa = PBXFrameworksBuildPhase;
			buildActionMask = 2147483647;
			files = (
			);
			runOnlyForDeploymentPostprocessing = 0;
		};
/* End PBXFrameworksBuildPhase section */

/* Begin PBXGroup section */
		724690282797269D006B74A1 = {
			isa = PBXGroup;
			children = (
				724690332797269E006B74A1 /* TechInterview */,
				7246904D2797269F006B74A1 /* TechInterviewTests */,
				724690582797269F006B74A1 /* TechInterviewUITests */,
				724690322797269E006B74A1 /* Products */,
			);
			sourceTree = "<group>";
		};
		724690322797269E006B74A1 /* Products */ = {
			isa = PBXGroup;
			children = (
				724690312797269E006B74A1 /* TechInterview.app */,
				7246904A2797269F006B74A1 /* TechInterviewTests.xctest */,
				724690552797269F006B74A1 /* TechInterviewUITests.xctest */,
			);
			name = Products;
			sourceTree = "<group>";
		};
		724690332797269E006B74A1 /* TechInterview */ = {
			isa = PBXGroup;
			children = (
				72C61EE127987C5000AA7BAF /* Helpers */,
				72C61EE027987C3200AA7BAF /* Model */,
				72C61EDD27987B6400AA7BAF /* CoreModel */,
				72469069279735AC006B74A1 /* View */,
				724690342797269E006B74A1 /* AppDelegate.swift */,
				724690362797269E006B74A1 /* SceneDelegate.swift */,
				7246903A2797269E006B74A1 /* Main.storyboard */,
				724690402797269E006B74A1 /* Assets.xcassets */,
				724690422797269E006B74A1 /* LaunchScreen.storyboard */,
				724690452797269E006B74A1 /* Info.plist */,
			);
			path = TechInterview;
			sourceTree = "<group>";
		};
		7246904D2797269F006B74A1 /* TechInterviewTests */ = {
			isa = PBXGroup;
			children = (
				7246904E2797269F006B74A1 /* TechInterviewTests.swift */,
				724690502797269F006B74A1 /* Info.plist */,
			);
			path = TechInterviewTests;
			sourceTree = "<group>";
		};
		724690582797269F006B74A1 /* TechInterviewUITests */ = {
			isa = PBXGroup;
			children = (
				724690592797269F006B74A1 /* TechInterviewUITests.swift */,
				7246905B2797269F006B74A1 /* Info.plist */,
			);
			path = TechInterviewUITests;
			sourceTree = "<group>";
		};
		72469069279735AC006B74A1 /* View */ = {
			isa = PBXGroup;
			children = (
				724690382797269E006B74A1 /* MasterViewController.swift */,
				72E5E19127974D8E005323D1 /* TechInterviewNoteCreateChangeViewController.swift */,
				72480E6F2797739C0050B8A9 /* DetailViewController.swift */,
			);
			path = View;
			sourceTree = "<group>";
		};
		72C61EDD27987B6400AA7BAF /* CoreModel */ = {
			isa = PBXGroup;
			children = (
				7246903D2797269E006B74A1 /* TechInterview.xcdatamodeld */,
			);
			path = CoreModel;
			sourceTree = "<group>";
		};
		72C61EE027987C3200AA7BAF /* Model */ = {
			isa = PBXGroup;
			children = (
				72C61EDE27987C2D00AA7BAF /* NotesModelData.swift */,
			);
			path = Model;
			sourceTree = "<group>";
		};
		72C61EE127987C5000AA7BAF /* Helpers */ = {
			isa = PBXGroup;
			children = (
				72C61EE227987C6B00AA7BAF /* NotesDateHelper.swift */,
			);
			path = Helpers;
			sourceTree = "<group>";
		};
/* End PBXGroup section */

/* Begin PBXNativeTarget section */
		724690302797269D006B74A1 /* TechInterview */ = {
			isa = PBXNativeTarget;
			buildConfigurationList = 7246905E2797269F006B74A1 /* Build configuration list for PBXNativeTarget "TechInterview" */;
			buildPhases = (
				7246902D2797269D006B74A1 /* Sources */,
				7246902E2797269D006B74A1 /* Frameworks */,
				7246902F2797269D006B74A1 /* Resources */,
			);
			buildRules = (
			);
			dependencies = (
			);
			name = TechInterview;
			productName = TechInterview;
			productReference = 724690312797269E006B74A1 /* TechInterview.app */;
			productType = "com.apple.product-type.application";
		};
		724690492797269F006B74A1 /* TechInterviewTests */ = {
			isa = PBXNativeTarget;
			buildConfigurationList = 724690612797269F006B74A1 /* Build configuration list for PBXNativeTarget "TechInterviewTests" */;
			buildPhases = (
				724690462797269F006B74A1 /* Sources */,
				724690472797269F006B74A1 /* Frameworks */,
				724690482797269F006B74A1 /* Resources */,
			);
			buildRules = (
			);
			dependencies = (
				7246904C2797269F006B74A1 /* PBXTargetDependency */,
			);
			name = TechInterviewTests;
			productName = TechInterviewTests;
			productReference = 7246904A2797269F006B74A1 /* TechInterviewTests.xctest */;
			productType = "com.apple.product-type.bundle.unit-test";
		};
		724690542797269F006B74A1 /* TechInterviewUITests */ = {
			isa = PBXNativeTarget;
			buildConfigurationList = 724690642797269F006B74A1 /* Build configuration list for PBXNativeTarget "TechInterviewUITests" */;
			buildPhases = (
				724690512797269F006B74A1 /* Sources */,
				724690522797269F006B74A1 /* Frameworks */,
				724690532797269F006B74A1 /* Resources */,
			);
			buildRules = (
			);
			dependencies = (
				724690572797269F006B74A1 /* PBXTargetDependency */,
			);
			name = TechInterviewUITests;
			productName = TechInterviewUITests;
			productReference = 724690552797269F006B74A1 /* TechInterviewUITests.xctest */;
			productType = "com.apple.product-type.bundle.ui-testing";
		};
/* End PBXNativeTarget section */

/* Begin PBXProject section */
		724690292797269D006B74A1 /* Project object */ = {
			isa = PBXProject;
			attributes = {
				LastSwiftUpdateCheck = 1250;
				LastUpgradeCheck = 1250;
				TargetAttributes = {
					724690302797269D006B74A1 = {
						CreatedOnToolsVersion = 12.5.1;
					};
					724690492797269F006B74A1 = {
						CreatedOnToolsVersion = 12.5.1;
						TestTargetID = 724690302797269D006B74A1;
					};
					724690542797269F006B74A1 = {
						CreatedOnToolsVersion = 12.5.1;
						TestTargetID = 724690302797269D006B74A1;
					};
				};
			};
			buildConfigurationList = 7246902C2797269D006B74A1 /* Build configuration list for PBXProject "TechInterview" */;
			compatibilityVersion = "Xcode 9.3";
			developmentRegion = en;
			hasScannedForEncodings = 0;
			knownRegions = (
				en,
				Base,
			);
			mainGroup = 724690282797269D006B74A1;
			productRefGroup = 724690322797269E006B74A1 /* Products */;
			projectDirPath = "";
			projectRoot = "";
			targets = (
				724690302797269D006B74A1 /* TechInterview */,
				724690492797269F006B74A1 /* TechInterviewTests */,
				724690542797269F006B74A1 /* TechInterviewUITests */,
			);
		};
/* End PBXProject section */

/* Begin PBXResourcesBuildPhase section */
		7246902F2797269D006B74A1 /* Resources */ = {
			isa = PBXResourcesBuildPhase;
			buildActionMask = 2147483647;
			files = (
				724690442797269E006B74A1 /* LaunchScreen.storyboard in Resources */,
				724690412797269E006B74A1 /* Assets.xcassets in Resources */,
				7246903C2797269E006B74A1 /* Main.storyboard in Resources */,
			);
			runOnlyForDeploymentPostprocessing = 0;
		};
		724690482797269F006B74A1 /* Resources */ = {
			isa = PBXResourcesBuildPhase;
			buildActionMask = 2147483647;
			files = (
			);
			runOnlyForDeploymentPostprocessing = 0;
		};
		724690532797269F006B74A1 /* Resources */ = {
			isa = PBXResourcesBuildPhase;
			buildActionMask = 2147483647;
			files = (
			);
			runOnlyForDeploymentPostprocessing = 0;
		};
/* End PBXResourcesBuildPhase section */

/* Begin PBXSourcesBuildPhase section */
		7246902D2797269D006B74A1 /* Sources */ = {
			isa = PBXSourcesBuildPhase;
			buildActionMask = 2147483647;
			files = (
				724690392797269E006B74A1 /* MasterViewController.swift in Sources */,
				724690352797269E006B74A1 /* AppDelegate.swift in Sources */,
				724690372797269E006B74A1 /* SceneDelegate.swift in Sources */,
				72C61EDF27987C2D00AA7BAF /* NotesModelData.swift in Sources */,
				72480E702797739C0050B8A9 /* DetailViewController.swift in Sources */,
				7246903F2797269E006B74A1 /* TechInterview.xcdatamodeld in Sources */,
				72E5E19227974D8E005323D1 /* TechInterviewNoteCreateChangeViewController.swift in Sources */,
				72C61EE327987C6B00AA7BAF /* NotesDateHelper.swift in Sources */,
			);
			runOnlyForDeploymentPostprocessing = 0;
		};
		724690462797269F006B74A1 /* Sources */ = {
			isa = PBXSourcesBuildPhase;
			buildActionMask = 2147483647;
			files = (
				7246904F2797269F006B74A1 /* TechInterviewTests.swift in Sources */,
			);
			runOnlyForDeploymentPostprocessing = 0;
		};
		724690512797269F006B74A1 /* Sources */ = {
			isa = PBXSourcesBuildPhase;
			buildActionMask = 2147483647;
			files = (
				7246905A2797269F006B74A1 /* TechInterviewUITests.swift in Sources */,
			);
			runOnlyForDeploymentPostprocessing = 0;
		};
/* End PBXSourcesBuildPhase section */

/* Begin PBXTargetDependency section */
		7246904C2797269F006B74A1 /* PBXTargetDependency */ = {
			isa = PBXTargetDependency;
			target = 724690302797269D006B74A1 /* TechInterview */;
			targetProxy = 7246904B2797269F006B74A1 /* PBXContainerItemProxy */;
		};
		724690572797269F006B74A1 /* PBXTargetDependency */ = {
			isa = PBXTargetDependency;
			target = 724690302797269D006B74A1 /* TechInterview */;
			targetProxy = 724690562797269F006B74A1 /* PBXContainerItemProxy */;
		};
/* End PBXTargetDependency section */

/* Begin PBXVariantGroup section */
		7246903A2797269E006B74A1 /* Main.storyboard */ = {
			isa = PBXVariantGroup;
			children = (
				7246903B2797269E006B74A1 /* Base */,
			);
			name = Main.storyboard;
			sourceTree = "<group>";
		};
		724690422797269E006B74A1 /* LaunchScreen.storyboard */ = {
			isa = PBXVariantGroup;
			children = (
				724690432797269E006B74A1 /* Base */,
			);
			name = LaunchScreen.storyboard;
			sourceTree = "<group>";
		};
/* End PBXVariantGroup section */

/* Begin XCBuildConfiguration section */
		7246905C2797269F006B74A1 /* Debug */ = {
			isa = XCBuildConfiguration;
			buildSettings = {
				ALWAYS_SEARCH_USER_PATHS = NO;
				CLANG_ANALYZER_NONNULL = YES;
				CLANG_ANALYZER_NUMBER_OBJECT_CONVERSION = YES_AGGRESSIVE;
				CLANG_CXX_LANGUAGE_STANDARD = "gnu++14";
				CLANG_CXX_LIBRARY = "libc++";
				CLANG_ENABLE_MODULES = YES;
				CLANG_ENABLE_OBJC_ARC = YES;
				CLANG_ENABLE_OBJC_WEAK = YES;
				CLANG_WARN_BLOCK_CAPTURE_AUTORELEASING = YES;
				CLANG_WARN_BOOL_CONVERSION = YES;
				CLANG_WARN_COMMA = YES;
				CLANG_WARN_CONSTANT_CONVERSION = YES;
				CLANG_WARN_DEPRECATED_OBJC_IMPLEMENTATIONS = YES;
				CLANG_WARN_DIRECT_OBJC_ISA_USAGE = YES_ERROR;
				CLANG_WARN_DOCUMENTATION_COMMENTS = YES;
				CLANG_WARN_EMPTY_BODY = YES;
				CLANG_WARN_ENUM_CONVERSION = YES;
				CLANG_WARN_INFINITE_RECURSION = YES;
				CLANG_WARN_INT_CONVERSION = YES;
				CLANG_WARN_NON_LITERAL_NULL_CONVERSION = YES;
				CLANG_WARN_OBJC_IMPLICIT_RETAIN_SELF = YES;
				CLANG_WARN_OBJC_LITERAL_CONVERSION = YES;
				CLANG_WARN_OBJC_ROOT_CLASS = YES_ERROR;
				CLANG_WARN_QUOTED_INCLUDE_IN_FRAMEWORK_HEADER = YES;
				CLANG_WARN_RANGE_LOOP_ANALYSIS = YES;
				CLANG_WARN_STRICT_PROTOTYPES = YES;
				CLANG_WARN_SUSPICIOUS_MOVE = YES;
				CLANG_WARN_UNGUARDED_AVAILABILITY = YES_AGGRESSIVE;
				CLANG_WARN_UNREACHABLE_CODE = YES;
				CLANG_WARN__DUPLICATE_METHOD_MATCH = YES;
				COPY_PHASE_STRIP = NO;
				DEBUG_INFORMATION_FORMAT = dwarf;
				ENABLE_STRICT_OBJC_MSGSEND = YES;
				ENABLE_TESTABILITY = YES;
				GCC_C_LANGUAGE_STANDARD = gnu11;
				GCC_DYNAMIC_NO_PIC = NO;
				GCC_NO_COMMON_BLOCKS = YES;
				GCC_OPTIMIZATION_LEVEL = 0;
				GCC_PREPROCESSOR_DEFINITIONS = (
					"DEBUG=1",
					"$(inherited)",
				);
				GCC_WARN_64_TO_32_BIT_CONVERSION = YES;
				GCC_WARN_ABOUT_RETURN_TYPE = YES_ERROR;
				GCC_WARN_UNDECLARED_SELECTOR = YES;
				GCC_WARN_UNINITIALIZED_AUTOS = YES_AGGRESSIVE;
				GCC_WARN_UNUSED_FUNCTION = YES;
				GCC_WARN_UNUSED_VARIABLE = YES;
				IPHONEOS_DEPLOYMENT_TARGET = 14.5;
				MTL_ENABLE_DEBUG_INFO = INCLUDE_SOURCE;
				MTL_FAST_MATH = YES;
				ONLY_ACTIVE_ARCH = YES;
				SDKROOT = iphoneos;
				SWIFT_ACTIVE_COMPILATION_CONDITIONS = DEBUG;
				SWIFT_OPTIMIZATION_LEVEL = "-Onone";
			};
			name = Debug;
		};
		7246905D2797269F006B74A1 /* Release */ = {
			isa = XCBuildConfiguration;
			buildSettings = {
				ALWAYS_SEARCH_USER_PATHS = NO;
				CLANG_ANALYZER_NONNULL = YES;
				CLANG_ANALYZER_NUMBER_OBJECT_CONVERSION = YES_AGGRESSIVE;
				CLANG_CXX_LANGUAGE_STANDARD = "gnu++14";
				CLANG_CXX_LIBRARY = "libc++";
				CLANG_ENABLE_MODULES = YES;
				CLANG_ENABLE_OBJC_ARC = YES;
				CLANG_ENABLE_OBJC_WEAK = YES;
				CLANG_WARN_BLOCK_CAPTURE_AUTORELEASING = YES;
				CLANG_WARN_BOOL_CONVERSION = YES;
				CLANG_WARN_COMMA = YES;
				CLANG_WARN_CONSTANT_CONVERSION = YES;
				CLANG_WARN_DEPRECATED_OBJC_IMPLEMENTATIONS = YES;
				CLANG_WARN_DIRECT_OBJC_ISA_USAGE = YES_ERROR;
				CLANG_WARN_DOCUMENTATION_COMMENTS = YES;
				CLANG_WARN_EMPTY_BODY = YES;
				CLANG_WARN_ENUM_CONVERSION = YES;
				CLANG_WARN_INFINITE_RECURSION = YES;
				CLANG_WARN_INT_CONVERSION = YES;
				CLANG_WARN_NON_LITERAL_NULL_CONVERSION = YES;
				CLANG_WARN_OBJC_IMPLICIT_RETAIN_SELF = YES;
				CLANG_WARN_OBJC_LITERAL_CONVERSION = YES;
				CLANG_WARN_OBJC_ROOT_CLASS = YES_ERROR;
				CLANG_WARN_QUOTED_INCLUDE_IN_FRAMEWORK_HEADER = YES;
				CLANG_WARN_RANGE_LOOP_ANALYSIS = YES;
				CLANG_WARN_STRICT_PROTOTYPES = YES;
				CLANG_WARN_SUSPICIOUS_MOVE = YES;
				CLANG_WARN_UNGUARDED_AVAILABILITY = YES_AGGRESSIVE;
				CLANG_WARN_UNREACHABLE_CODE = YES;
				CLANG_WARN__DUPLICATE_METHOD_MATCH = YES;
				COPY_PHASE_STRIP = NO;
				DEBUG_INFORMATION_FORMAT = "dwarf-with-dsym";
				ENABLE_NS_ASSERTIONS = NO;
				ENABLE_STRICT_OBJC_MSGSEND = YES;
				GCC_C_LANGUAGE_STANDARD = gnu11;
				GCC_NO_COMMON_BLOCKS = YES;
				GCC_WARN_64_TO_32_BIT_CONVERSION = YES;
				GCC_WARN_ABOUT_RETURN_TYPE = YES_ERROR;
				GCC_WARN_UNDECLARED_SELECTOR = YES;
				GCC_WARN_UNINITIALIZED_AUTOS = YES_AGGRESSIVE;
				GCC_WARN_UNUSED_FUNCTION = YES;
				GCC_WARN_UNUSED_VARIABLE = YES;
				IPHONEOS_DEPLOYMENT_TARGET = 14.5;
				MTL_ENABLE_DEBUG_INFO = NO;
				MTL_FAST_MATH = YES;
				SDKROOT = iphoneos;
				SWIFT_COMPILATION_MODE = wholemodule;
				SWIFT_OPTIMIZATION_LEVEL = "-O";
				VALIDATE_PRODUCT = YES;
			};
			name = Release;
		};
		7246905F2797269F006B74A1 /* Debug */ = {
			isa = XCBuildConfiguration;
			buildSettings = {
				ASSETCATALOG_COMPILER_APPICON_NAME = AppIcon;
				ASSETCATALOG_COMPILER_GLOBAL_ACCENT_COLOR_NAME = AccentColor;
				CODE_SIGN_STYLE = Automatic;
				DEVELOPMENT_TEAM = B5T9HL953S;
				INFOPLIST_FILE = TechInterview/Info.plist;
				LD_RUNPATH_SEARCH_PATHS = (
					"$(inherited)",
					"@executable_path/Frameworks",
				);
				PRODUCT_BUNDLE_IDENTIFIER = "site.test-engineer.TechInterview";
				PRODUCT_NAME = "$(TARGET_NAME)";
				SWIFT_VERSION = 5.0;
				TARGETED_DEVICE_FAMILY = "1,2";
			};
			name = Debug;
		};
		724690602797269F006B74A1 /* Release */ = {
			isa = XCBuildConfiguration;
			buildSettings = {
				ASSETCATALOG_COMPILER_APPICON_NAME = AppIcon;
				ASSETCATALOG_COMPILER_GLOBAL_ACCENT_COLOR_NAME = AccentColor;
				CODE_SIGN_STYLE = Automatic;
				DEVELOPMENT_TEAM = B5T9HL953S;
				INFOPLIST_FILE = TechInterview/Info.plist;
				LD_RUNPATH_SEARCH_PATHS = (
					"$(inherited)",
					"@executable_path/Frameworks",
				);
				PRODUCT_BUNDLE_IDENTIFIER = "site.test-engineer.TechInterview";
				PRODUCT_NAME = "$(TARGET_NAME)";
				SWIFT_VERSION = 5.0;
				TARGETED_DEVICE_FAMILY = "1,2";
			};
			name = Release;
		};
		724690622797269F006B74A1 /* Debug */ = {
			isa = XCBuildConfiguration;
			buildSettings = {
				ALWAYS_EMBED_SWIFT_STANDARD_LIBRARIES = YES;
				BUNDLE_LOADER = "$(TEST_HOST)";
				CODE_SIGN_STYLE = Automatic;
				DEVELOPMENT_TEAM = B5T9HL953S;
				INFOPLIST_FILE = TechInterviewTests/Info.plist;
				IPHONEOS_DEPLOYMENT_TARGET = 14.5;
				LD_RUNPATH_SEARCH_PATHS = (
					"$(inherited)",
					"@executable_path/Frameworks",
					"@loader_path/Frameworks",
				);
				PRODUCT_BUNDLE_IDENTIFIER = "site.test-engineer.TechInterviewTests";
				PRODUCT_NAME = "$(TARGET_NAME)";
				SWIFT_VERSION = 5.0;
				TARGETED_DEVICE_FAMILY = "1,2";
				TEST_HOST = "$(BUILT_PRODUCTS_DIR)/TechInterview.app/TechInterview";
			};
			name = Debug;
		};
		724690632797269F006B74A1 /* Release */ = {
			isa = XCBuildConfiguration;
			buildSettings = {
				ALWAYS_EMBED_SWIFT_STANDARD_LIBRARIES = YES;
				BUNDLE_LOADER = "$(TEST_HOST)";
				CODE_SIGN_STYLE = Automatic;
				DEVELOPMENT_TEAM = B5T9HL953S;
				INFOPLIST_FILE = TechInterviewTests/Info.plist;
				IPHONEOS_DEPLOYMENT_TARGET = 14.5;
				LD_RUNPATH_SEARCH_PATHS = (
					"$(inherited)",
					"@executable_path/Frameworks",
					"@loader_path/Frameworks",
				);
				PRODUCT_BUNDLE_IDENTIFIER = "site.test-engineer.TechInterviewTests";
				PRODUCT_NAME = "$(TARGET_NAME)";
				SWIFT_VERSION = 5.0;
				TARGETED_DEVICE_FAMILY = "1,2";
				TEST_HOST = "$(BUILT_PRODUCTS_DIR)/TechInterview.app/TechInterview";
			};
			name = Release;
		};
		724690652797269F006B74A1 /* Debug */ = {
			isa = XCBuildConfiguration;
			buildSettings = {
				ALWAYS_EMBED_SWIFT_STANDARD_LIBRARIES = YES;
				CODE_SIGN_STYLE = Automatic;
				DEVELOPMENT_TEAM = B5T9HL953S;
				INFOPLIST_FILE = TechInterviewUITests/Info.plist;
				LD_RUNPATH_SEARCH_PATHS = (
					"$(inherited)",
					"@executable_path/Frameworks",
					"@loader_path/Frameworks",
				);
				PRODUCT_BUNDLE_IDENTIFIER = "site.test-engineer.TechInterviewUITests";
				PRODUCT_NAME = "$(TARGET_NAME)";
				SWIFT_VERSION = 5.0;
				TARGETED_DEVICE_FAMILY = "1,2";
				TEST_TARGET_NAME = TechInterview;
			};
			name = Debug;
		};
		724690662797269F006B74A1 /* Release */ = {
			isa = XCBuildConfiguration;
			buildSettings = {
				ALWAYS_EMBED_SWIFT_STANDARD_LIBRARIES = YES;
				CODE_SIGN_STYLE = Automatic;
				DEVELOPMENT_TEAM = B5T9HL953S;
				INFOPLIST_FILE = TechInterviewUITests/Info.plist;
				LD_RUNPATH_SEARCH_PATHS = (
					"$(inherited)",
					"@executable_path/Frameworks",
					"@loader_path/Frameworks",
				);
				PRODUCT_BUNDLE_IDENTIFIER = "site.test-engineer.TechInterviewUITests";
				PRODUCT_NAME = "$(TARGET_NAME)";
				SWIFT_VERSION = 5.0;
				TARGETED_DEVICE_FAMILY = "1,2";
				TEST_TARGET_NAME = TechInterview;
			};
			name = Release;
		};
/* End XCBuildConfiguration section */

/* Begin XCConfigurationList section */
		7246902C2797269D006B74A1 /* Build configuration list for PBXProject "TechInterview" */ = {
			isa = XCConfigurationList;
			buildConfigurations = (
				7246905C2797269F006B74A1 /* Debug */,
				7246905D2797269F006B74A1 /* Release */,
			);
			defaultConfigurationIsVisible = 0;
			defaultConfigurationName = Release;
		};
		7246905E2797269F006B74A1 /* Build configuration list for PBXNativeTarget "TechInterview" */ = {
			isa = XCConfigurationList;
			buildConfigurations = (
				7246905F2797269F006B74A1 /* Debug */,
				724690602797269F006B74A1 /* Release */,
			);
			defaultConfigurationIsVisible = 0;
			defaultConfigurationName = Release;
		};
		724690612797269F006B74A1 /* Build configuration list for PBXNativeTarget "TechInterviewTests" */ = {
			isa = XCConfigurationList;
			buildConfigurations = (
				724690622797269F006B74A1 /* Debug */,
				724690632797269F006B74A1 /* Release */,
			);
			defaultConfigurationIsVisible = 0;
			defaultConfigurationName = Release;
		};
		724690642797269F006B74A1 /* Build configuration list for PBXNativeTarget "TechInterviewUITests" */ = {
			isa = XCConfigurationList;
			buildConfigurations = (
				724690652797269F006B74A1 /* Debug */,
				724690662797269F006B74A1 /* Release */,
			);
			defaultConfigurationIsVisible = 0;
			defaultConfigurationName = Release;
		};
/* End XCConfigurationList section */

/* Begin XCVersionGroup section */
		7246903D2797269E006B74A1 /* TechInterview.xcdatamodeld */ = {
			isa = XCVersionGroup;
			children = (
				7246903E2797269E006B74A1 /* TechInterview.xcdatamodel */,
			);
			currentVersion = 7246903E2797269E006B74A1 /* TechInterview.xcdatamodel */;
			path = TechInterview.xcdatamodeld;
			sourceTree = "<group>";
			versionGroupType = wrapper.xcdatamodel;
		};
/* End XCVersionGroup section */
	};
	rootObject = 724690292797269D006B74A1 /* Project object */;
}
